
Microsoft Visual Studio Solution File, Format Version 12.00
# Visual Studio 15
VisualStudioVersion = 15.0.27428.2027
MinimumVisualStudioVersion = 10.0.40219.1
Project("{9A19103F-16F7-4668-BE54-9A1E7A4F7556}") = "DemoParser", "DemoParser\DemoParser.csproj", "{899B455C-A982-420D-BFAB-4722DD8FB511}"
EndProject
Project("{FAE04EC0-301F-11D3-BF4B-00C04F79EFBC}") = "DemoParser.Tests", "DemoParser.Tests\DemoParser.Tests.csproj", "{2521A5CF-E586-4087-9B08-6CEA6E8603DD}"
EndProject
Global
	GlobalSection(SolutionConfigurationPlatforms) = preSolution
		Debug|Any CPU = Debug|Any CPU
		Release|Any CPU = Release|Any CPU
	EndGlobalSection
	GlobalSection(ProjectConfigurationPlatforms) = postSolution
		{899B455C-A982-420D-BFAB-4722DD8FB511}.Debug|Any CPU.ActiveCfg = Debug|Any CPU
		{899B455C-A982-420D-BFAB-4722DD8FB511}.Debug|Any CPU.Build.0 = Debug|Any CPU
		{899B455C-A982-420D-BFAB-4722DD8FB511}.Release|Any CPU.ActiveCfg = Release|Any CPU
		{899B455C-A982-420D-BFAB-4722DD8FB511}.Release|Any CPU.Build.0 = Release|Any CPU
		{2521A5CF-E586-4087-9B08-6CEA6E8603DD}.Debug|Any CPU.ActiveCfg = Debug|Any CPU
		{2521A5CF-E586-4087-9B08-6CEA6E8603DD}.Debug|Any CPU.Build.0 = Debug|Any CPU
		{2521A5CF-E586-4087-9B08-6CEA6E8603DD}.Release|Any CPU.ActiveCfg = Release|Any CPU
		{2521A5CF-E586-4087-9B08-6CEA6E8603DD}.Release|Any CPU.Build.0 = Release|Any CPU
	EndGlobalSection
	GlobalSection(SolutionProperties) = preSolution
		HideSolutionNode = FALSE
	EndGlobalSection
	GlobalSection(ExtensibilityGlobals) = postSolution
		SolutionGuid = {D349638D-75D9-49CD-85F9-E48CE9F004EB}
	EndGlobalSection
EndGlobal
